// !$*UTF8*$!
{
	archiveVersion = 1;
	classes = {
	};
	objectVersion = 56;
	objects = {

/* Begin PBXBuildFile section */
		55331BC12A63CB79000A1925 /* CalculatorViewMock.swift in Sources */ = {isa = PBXBuildFile; fileRef = 55331BC02A63CB79000A1925 /* CalculatorViewMock.swift */; };
		55331BC32A63CD11000A1925 /* SymbolsLocalDatasourceMock.swift in Sources */ = {isa = PBXBuildFile; fileRef = 55331BC22A63CD11000A1925 /* SymbolsLocalDatasourceMock.swift */; };
		55331BC52A63CDB2000A1925 /* CalculatorRemoteDatasourceMock.swift in Sources */ = {isa = PBXBuildFile; fileRef = 55331BC42A63CDB2000A1925 /* CalculatorRemoteDatasourceMock.swift */; };
		55331BC82A63CF19000A1925 /* Dependencies.swift in Sources */ = {isa = PBXBuildFile; fileRef = 55331BC72A63CF19000A1925 /* Dependencies.swift */; };
		55331BCA2A63CFA3000A1925 /* CalculatorViewModelTests.swift in Sources */ = {isa = PBXBuildFile; fileRef = 55331BC92A63CFA3000A1925 /* CalculatorViewModelTests.swift */; };
		554FDA412A61411A004C8B0E /* DGCharts in Frameworks */ = {isa = PBXBuildFile; productRef = 554FDA402A61411A004C8B0E /* DGCharts */; };
		554FDA432A6144B6004C8B0E /* .gitignore in Resources */ = {isa = PBXBuildFile; fileRef = 554FDA422A6144B6004C8B0E /* .gitignore */; };
		554FDA452A61479E004C8B0E /* Bundle+.swift in Sources */ = {isa = PBXBuildFile; fileRef = 554FDA442A61479E004C8B0E /* Bundle+.swift */; };
		554FDA492A614AC8004C8B0E /* RemotePath.swift in Sources */ = {isa = PBXBuildFile; fileRef = 554FDA482A614AC8004C8B0E /* RemotePath.swift */; };
		554FDA4B2A614C60004C8B0E /* Toast.swift in Sources */ = {isa = PBXBuildFile; fileRef = 554FDA4A2A614C60004C8B0E /* Toast.swift */; };
		554FDA4D2A614D31004C8B0E /* UILabel+.swift in Sources */ = {isa = PBXBuildFile; fileRef = 554FDA4C2A614D31004C8B0E /* UILabel+.swift */; };
		554FDA4F2A614D9E004C8B0E /* UIViewController+.swift in Sources */ = {isa = PBXBuildFile; fileRef = 554FDA4E2A614D9E004C8B0E /* UIViewController+.swift */; };
		554FDA512A61507D004C8B0E /* BaseRemoteDatasource.swift in Sources */ = {isa = PBXBuildFile; fileRef = 554FDA502A61507D004C8B0E /* BaseRemoteDatasource.swift */; };
		554FDA542A615B9D004C8B0E /* CalculatorRemoteDatasourceProtocol.swift in Sources */ = {isa = PBXBuildFile; fileRef = 554FDA532A615B9D004C8B0E /* CalculatorRemoteDatasourceProtocol.swift */; };
		554FDA562A615D3D004C8B0E /* ConversionResponse.swift in Sources */ = {isa = PBXBuildFile; fileRef = 554FDA552A615D3D004C8B0E /* ConversionResponse.swift */; };
		554FDA582A615DE9004C8B0E /* CalculatorRemoteDatasource.swift in Sources */ = {isa = PBXBuildFile; fileRef = 554FDA572A615DE9004C8B0E /* CalculatorRemoteDatasource.swift */; };
		554FDA5A2A615F18004C8B0E /* CustomError.swift in Sources */ = {isa = PBXBuildFile; fileRef = 554FDA592A615F18004C8B0E /* CustomError.swift */; };
		554FDA5C2A6163AE004C8B0E /* DBSymbol.swift in Sources */ = {isa = PBXBuildFile; fileRef = 554FDA5B2A6163AE004C8B0E /* DBSymbol.swift */; };
		554FDA5E2A616504004C8B0E /* SymbolsLocalDatasource.swift in Sources */ = {isa = PBXBuildFile; fileRef = 554FDA5D2A616504004C8B0E /* SymbolsLocalDatasource.swift */; };
		554FDA602A616512004C8B0E /* SymbolsLocalDatasourceProtocol.swift in Sources */ = {isa = PBXBuildFile; fileRef = 554FDA5F2A616512004C8B0E /* SymbolsLocalDatasourceProtocol.swift */; };
		554FDA632A616E35004C8B0E /* DependencyType.swift in Sources */ = {isa = PBXBuildFile; fileRef = 554FDA622A616E35004C8B0E /* DependencyType.swift */; };
		554FDA652A616E8F004C8B0E /* DependencyProvider.swift in Sources */ = {isa = PBXBuildFile; fileRef = 554FDA642A616E8F004C8B0E /* DependencyProvider.swift */; };
		554FDA672A616EB2004C8B0E /* DependencyContainer.swift in Sources */ = {isa = PBXBuildFile; fileRef = 554FDA662A616EB2004C8B0E /* DependencyContainer.swift */; };
		554FDA6D2A616FDC004C8B0E /* CalculatorViewController.swift in Sources */ = {isa = PBXBuildFile; fileRef = 554FDA6C2A616FDC004C8B0E /* CalculatorViewController.swift */; };
		554FDA6F2A616FFE004C8B0E /* CalculatorViewModelProtocol.swift in Sources */ = {isa = PBXBuildFile; fileRef = 554FDA6E2A616FFE004C8B0E /* CalculatorViewModelProtocol.swift */; };
		554FDA712A61700E004C8B0E /* CalculatorViewModel.swift in Sources */ = {isa = PBXBuildFile; fileRef = 554FDA702A61700E004C8B0E /* CalculatorViewModel.swift */; };
		554FDA732A6171F1004C8B0E /* CalculatorViewProtocol.swift in Sources */ = {isa = PBXBuildFile; fileRef = 554FDA722A6171F1004C8B0E /* CalculatorViewProtocol.swift */; };
		554FDA752A617D21004C8B0E /* UIImage+.swift in Sources */ = {isa = PBXBuildFile; fileRef = 554FDA742A617D21004C8B0E /* UIImage+.swift */; };
		554FDA772A617E82004C8B0E /* UIStackView+.swift in Sources */ = {isa = PBXBuildFile; fileRef = 554FDA762A617E82004C8B0E /* UIStackView+.swift */; };
		554FDA792A617F65004C8B0E /* UIImageView+.swift in Sources */ = {isa = PBXBuildFile; fileRef = 554FDA782A617F65004C8B0E /* UIImageView+.swift */; };
		554FDA7B2A618056004C8B0E /* UIButton+.swift in Sources */ = {isa = PBXBuildFile; fileRef = 554FDA7A2A618056004C8B0E /* UIButton+.swift */; };
		554FDA7D2A61844B004C8B0E /* Codable+.swift in Sources */ = {isa = PBXBuildFile; fileRef = 554FDA7C2A61844B004C8B0E /* Codable+.swift */; };
		554FDA7F2A6187D9004C8B0E /* InlineFunctions.swift in Sources */ = {isa = PBXBuildFile; fileRef = 554FDA7E2A6187D9004C8B0E /* InlineFunctions.swift */; };
		554FDA812A6188F3004C8B0E /* UIColor+.swift in Sources */ = {isa = PBXBuildFile; fileRef = 554FDA802A6188F3004C8B0E /* UIColor+.swift */; };
		554FDA832A6199C2004C8B0E /* InputTextField.swift in Sources */ = {isa = PBXBuildFile; fileRef = 554FDA822A6199C2004C8B0E /* InputTextField.swift */; };
		554FDA852A619BA6004C8B0E /* CurrencyPickerView.swift in Sources */ = {isa = PBXBuildFile; fileRef = 554FDA842A619BA6004C8B0E /* CurrencyPickerView.swift */; };
		55BA114E2A5F1B260033E697 /* AppDelegate.swift in Sources */ = {isa = PBXBuildFile; fileRef = 55BA114D2A5F1B260033E697 /* AppDelegate.swift */; };
		55BA11502A5F1B260033E697 /* SceneDelegate.swift in Sources */ = {isa = PBXBuildFile; fileRef = 55BA114F2A5F1B260033E697 /* SceneDelegate.swift */; };
		55BA11522A5F1B260033E697 /* ViewController.swift in Sources */ = {isa = PBXBuildFile; fileRef = 55BA11512A5F1B260033E697 /* ViewController.swift */; };
		55BA11572A5F1B270033E697 /* Assets.xcassets in Resources */ = {isa = PBXBuildFile; fileRef = 55BA11562A5F1B270033E697 /* Assets.xcassets */; };
		55BA115A2A5F1B270033E697 /* LaunchScreen.storyboard in Resources */ = {isa = PBXBuildFile; fileRef = 55BA11582A5F1B270033E697 /* LaunchScreen.storyboard */; };
		55BA11652A5F1B270033E697 /* CurrencyCalculatorTests.swift in Sources */ = {isa = PBXBuildFile; fileRef = 55BA11642A5F1B270033E697 /* CurrencyCalculatorTests.swift */; };
		55BA116F2A5F1B270033E697 /* CurrencyCalculatorUITests.swift in Sources */ = {isa = PBXBuildFile; fileRef = 55BA116E2A5F1B270033E697 /* CurrencyCalculatorUITests.swift */; };
		55BA11712A5F1B270033E697 /* CurrencyCalculatorUITestsLaunchTests.swift in Sources */ = {isa = PBXBuildFile; fileRef = 55BA11702A5F1B270033E697 /* CurrencyCalculatorUITestsLaunchTests.swift */; };
		55BA117F2A5F1DEA0033E697 /* Alamofire in Frameworks */ = {isa = PBXBuildFile; productRef = 55BA117E2A5F1DEA0033E697 /* Alamofire */; };
		55BA11822A5F1EF80033E697 /* SwiftyJSON in Frameworks */ = {isa = PBXBuildFile; productRef = 55BA11812A5F1EF80033E697 /* SwiftyJSON */; };
		55BA11872A5F312A0033E697 /* UIScrollView+.swift in Sources */ = {isa = PBXBuildFile; fileRef = 55BA11862A5F312A0033E697 /* UIScrollView+.swift */; };
		55BA11892A5F31870033E697 /* UIView+.swift in Sources */ = {isa = PBXBuildFile; fileRef = 55BA11882A5F31870033E697 /* UIView+.swift */; };
		55BA118B2A5F32A90033E697 /* Code+.swift in Sources */ = {isa = PBXBuildFile; fileRef = 55BA118A2A5F32A90033E697 /* Code+.swift */; };
		55BA11912A5F46180033E697 /* SymbolsResponse.swift in Sources */ = {isa = PBXBuildFile; fileRef = 55BA11902A5F46180033E697 /* SymbolsResponse.swift */; };
		55E6742D2A62695D00B8AF3D /* CurrenciesViewController.swift in Sources */ = {isa = PBXBuildFile; fileRef = 55E6742C2A62695D00B8AF3D /* CurrenciesViewController.swift */; };
		55E6742F2A62800100B8AF3D /* Loader.swift in Sources */ = {isa = PBXBuildFile; fileRef = 55E6742E2A62800100B8AF3D /* Loader.swift */; };
		55E674372A62B3AB00B8AF3D /* BaloonMarker.swift in Sources */ = {isa = PBXBuildFile; fileRef = 55E674362A62B3AB00B8AF3D /* BaloonMarker.swift */; };
		79EFFBA8313F937D440EF353 /* Pods_CurrencyCalculatorTests.framework in Frameworks */ = {isa = PBXBuildFile; fileRef = 240DCB9ECE27188D9ECC20B1 /* Pods_CurrencyCalculatorTests.framework */; };
		992ABA8414E78630646161B5 /* Pods_CurrencyCalculator.framework in Frameworks */ = {isa = PBXBuildFile; fileRef = 59AD0D04959BA1DF5C3C1C3D /* Pods_CurrencyCalculator.framework */; };
		9C2A1F7AC112D7D0886A45A8 /* Pods_CurrencyCalculator_CurrencyCalculatorUITests.framework in Frameworks */ = {isa = PBXBuildFile; fileRef = F2403270B6263DA9C3765C07 /* Pods_CurrencyCalculator_CurrencyCalculatorUITests.framework */; };
/* End PBXBuildFile section */

/* Begin PBXContainerItemProxy section */
		55BA11612A5F1B270033E697 /* PBXContainerItemProxy */ = {
			isa = PBXContainerItemProxy;
			containerPortal = 55BA11422A5F1B260033E697 /* Project object */;
			proxyType = 1;
			remoteGlobalIDString = 55BA11492A5F1B260033E697;
			remoteInfo = CurrencyCalculator;
		};
		55BA116B2A5F1B270033E697 /* PBXContainerItemProxy */ = {
			isa = PBXContainerItemProxy;
			containerPortal = 55BA11422A5F1B260033E697 /* Project object */;
			proxyType = 1;
			remoteGlobalIDString = 55BA11492A5F1B260033E697;
			remoteInfo = CurrencyCalculator;
		};
/* End PBXContainerItemProxy section */

/* Begin PBXFileReference section */
		08D98EA9B3D958EDE31AB508 /* Pods-CurrencyCalculator.debug.xcconfig */ = {isa = PBXFileReference; includeInIndex = 1; lastKnownFileType = text.xcconfig; name = "Pods-CurrencyCalculator.debug.xcconfig"; path = "Target Support Files/Pods-CurrencyCalculator/Pods-CurrencyCalculator.debug.xcconfig"; sourceTree = "<group>"; };
		240DCB9ECE27188D9ECC20B1 /* Pods_CurrencyCalculatorTests.framework */ = {isa = PBXFileReference; explicitFileType = wrapper.framework; includeInIndex = 0; path = Pods_CurrencyCalculatorTests.framework; sourceTree = BUILT_PRODUCTS_DIR; };
		55331BC02A63CB79000A1925 /* CalculatorViewMock.swift */ = {isa = PBXFileReference; lastKnownFileType = sourcecode.swift; path = CalculatorViewMock.swift; sourceTree = "<group>"; };
		55331BC22A63CD11000A1925 /* SymbolsLocalDatasourceMock.swift */ = {isa = PBXFileReference; lastKnownFileType = sourcecode.swift; path = SymbolsLocalDatasourceMock.swift; sourceTree = "<group>"; };
		55331BC42A63CDB2000A1925 /* CalculatorRemoteDatasourceMock.swift */ = {isa = PBXFileReference; lastKnownFileType = sourcecode.swift; path = CalculatorRemoteDatasourceMock.swift; sourceTree = "<group>"; };
		55331BC72A63CF19000A1925 /* Dependencies.swift */ = {isa = PBXFileReference; lastKnownFileType = sourcecode.swift; path = Dependencies.swift; sourceTree = "<group>"; };
		55331BC92A63CFA3000A1925 /* CalculatorViewModelTests.swift */ = {isa = PBXFileReference; lastKnownFileType = sourcecode.swift; path = CalculatorViewModelTests.swift; sourceTree = "<group>"; };
		554FDA422A6144B6004C8B0E /* .gitignore */ = {isa = PBXFileReference; lastKnownFileType = text; path = .gitignore; sourceTree = "<group>"; };
		554FDA442A61479E004C8B0E /* Bundle+.swift */ = {isa = PBXFileReference; lastKnownFileType = sourcecode.swift; path = "Bundle+.swift"; sourceTree = "<group>"; };
		554FDA482A614AC8004C8B0E /* RemotePath.swift */ = {isa = PBXFileReference; lastKnownFileType = sourcecode.swift; path = RemotePath.swift; sourceTree = "<group>"; };
		554FDA4A2A614C60004C8B0E /* Toast.swift */ = {isa = PBXFileReference; lastKnownFileType = sourcecode.swift; path = Toast.swift; sourceTree = "<group>"; };
		554FDA4C2A614D31004C8B0E /* UILabel+.swift */ = {isa = PBXFileReference; lastKnownFileType = sourcecode.swift; path = "UILabel+.swift"; sourceTree = "<group>"; };
		554FDA4E2A614D9E004C8B0E /* UIViewController+.swift */ = {isa = PBXFileReference; lastKnownFileType = sourcecode.swift; path = "UIViewController+.swift"; sourceTree = "<group>"; };
		554FDA502A61507D004C8B0E /* BaseRemoteDatasource.swift */ = {isa = PBXFileReference; lastKnownFileType = sourcecode.swift; path = BaseRemoteDatasource.swift; sourceTree = "<group>"; };
		554FDA532A615B9D004C8B0E /* CalculatorRemoteDatasourceProtocol.swift */ = {isa = PBXFileReference; lastKnownFileType = sourcecode.swift; path = CalculatorRemoteDatasourceProtocol.swift; sourceTree = "<group>"; };
		554FDA552A615D3D004C8B0E /* ConversionResponse.swift */ = {isa = PBXFileReference; lastKnownFileType = sourcecode.swift; path = ConversionResponse.swift; sourceTree = "<group>"; };
		554FDA572A615DE9004C8B0E /* CalculatorRemoteDatasource.swift */ = {isa = PBXFileReference; lastKnownFileType = sourcecode.swift; path = CalculatorRemoteDatasource.swift; sourceTree = "<group>"; };
		554FDA592A615F18004C8B0E /* CustomError.swift */ = {isa = PBXFileReference; lastKnownFileType = sourcecode.swift; path = CustomError.swift; sourceTree = "<group>"; };
		554FDA5B2A6163AE004C8B0E /* DBSymbol.swift */ = {isa = PBXFileReference; lastKnownFileType = sourcecode.swift; path = DBSymbol.swift; sourceTree = "<group>"; };
		554FDA5D2A616504004C8B0E /* SymbolsLocalDatasource.swift */ = {isa = PBXFileReference; lastKnownFileType = sourcecode.swift; path = SymbolsLocalDatasource.swift; sourceTree = "<group>"; };
		554FDA5F2A616512004C8B0E /* SymbolsLocalDatasourceProtocol.swift */ = {isa = PBXFileReference; lastKnownFileType = sourcecode.swift; path = SymbolsLocalDatasourceProtocol.swift; sourceTree = "<group>"; };
		554FDA622A616E35004C8B0E /* DependencyType.swift */ = {isa = PBXFileReference; lastKnownFileType = sourcecode.swift; path = DependencyType.swift; sourceTree = "<group>"; };
		554FDA642A616E8F004C8B0E /* DependencyProvider.swift */ = {isa = PBXFileReference; lastKnownFileType = sourcecode.swift; path = DependencyProvider.swift; sourceTree = "<group>"; };
		554FDA662A616EB2004C8B0E /* DependencyContainer.swift */ = {isa = PBXFileReference; lastKnownFileType = sourcecode.swift; path = DependencyContainer.swift; sourceTree = "<group>"; };
		554FDA6C2A616FDC004C8B0E /* CalculatorViewController.swift */ = {isa = PBXFileReference; lastKnownFileType = sourcecode.swift; path = CalculatorViewController.swift; sourceTree = "<group>"; };
		554FDA6E2A616FFE004C8B0E /* CalculatorViewModelProtocol.swift */ = {isa = PBXFileReference; lastKnownFileType = sourcecode.swift; path = CalculatorViewModelProtocol.swift; sourceTree = "<group>"; };
		554FDA702A61700E004C8B0E /* CalculatorViewModel.swift */ = {isa = PBXFileReference; lastKnownFileType = sourcecode.swift; path = CalculatorViewModel.swift; sourceTree = "<group>"; };
		554FDA722A6171F1004C8B0E /* CalculatorViewProtocol.swift */ = {isa = PBXFileReference; lastKnownFileType = sourcecode.swift; path = CalculatorViewProtocol.swift; sourceTree = "<group>"; };
		554FDA742A617D21004C8B0E /* UIImage+.swift */ = {isa = PBXFileReference; lastKnownFileType = sourcecode.swift; path = "UIImage+.swift"; sourceTree = "<group>"; };
		554FDA762A617E82004C8B0E /* UIStackView+.swift */ = {isa = PBXFileReference; lastKnownFileType = sourcecode.swift; path = "UIStackView+.swift"; sourceTree = "<group>"; };
		554FDA782A617F65004C8B0E /* UIImageView+.swift */ = {isa = PBXFileReference; lastKnownFileType = sourcecode.swift; path = "UIImageView+.swift"; sourceTree = "<group>"; };
		554FDA7A2A618056004C8B0E /* UIButton+.swift */ = {isa = PBXFileReference; lastKnownFileType = sourcecode.swift; path = "UIButton+.swift"; sourceTree = "<group>"; };
		554FDA7C2A61844B004C8B0E /* Codable+.swift */ = {isa = PBXFileReference; lastKnownFileType = sourcecode.swift; path = "Codable+.swift"; sourceTree = "<group>"; };
		554FDA7E2A6187D9004C8B0E /* InlineFunctions.swift */ = {isa = PBXFileReference; lastKnownFileType = sourcecode.swift; path = InlineFunctions.swift; sourceTree = "<group>"; };
		554FDA802A6188F3004C8B0E /* UIColor+.swift */ = {isa = PBXFileReference; lastKnownFileType = sourcecode.swift; path = "UIColor+.swift"; sourceTree = "<group>"; };
		554FDA822A6199C2004C8B0E /* InputTextField.swift */ = {isa = PBXFileReference; lastKnownFileType = sourcecode.swift; path = InputTextField.swift; sourceTree = "<group>"; };
		554FDA842A619BA6004C8B0E /* CurrencyPickerView.swift */ = {isa = PBXFileReference; lastKnownFileType = sourcecode.swift; path = CurrencyPickerView.swift; sourceTree = "<group>"; };
		55BA114A2A5F1B260033E697 /* CurrencyCalculator.app */ = {isa = PBXFileReference; explicitFileType = wrapper.application; includeInIndex = 0; path = CurrencyCalculator.app; sourceTree = BUILT_PRODUCTS_DIR; };
		55BA114D2A5F1B260033E697 /* AppDelegate.swift */ = {isa = PBXFileReference; lastKnownFileType = sourcecode.swift; path = AppDelegate.swift; sourceTree = "<group>"; };
		55BA114F2A5F1B260033E697 /* SceneDelegate.swift */ = {isa = PBXFileReference; lastKnownFileType = sourcecode.swift; path = SceneDelegate.swift; sourceTree = "<group>"; };
		55BA11512A5F1B260033E697 /* ViewController.swift */ = {isa = PBXFileReference; lastKnownFileType = sourcecode.swift; path = ViewController.swift; sourceTree = "<group>"; };
		55BA11562A5F1B270033E697 /* Assets.xcassets */ = {isa = PBXFileReference; lastKnownFileType = folder.assetcatalog; path = Assets.xcassets; sourceTree = "<group>"; };
		55BA11592A5F1B270033E697 /* Base */ = {isa = PBXFileReference; lastKnownFileType = file.storyboard; name = Base; path = Base.lproj/LaunchScreen.storyboard; sourceTree = "<group>"; };
		55BA115B2A5F1B270033E697 /* Info.plist */ = {isa = PBXFileReference; lastKnownFileType = text.plist.xml; path = Info.plist; sourceTree = "<group>"; };
		55BA11602A5F1B270033E697 /* CurrencyCalculatorTests.xctest */ = {isa = PBXFileReference; explicitFileType = wrapper.cfbundle; includeInIndex = 0; path = CurrencyCalculatorTests.xctest; sourceTree = BUILT_PRODUCTS_DIR; };
		55BA11642A5F1B270033E697 /* CurrencyCalculatorTests.swift */ = {isa = PBXFileReference; lastKnownFileType = sourcecode.swift; path = CurrencyCalculatorTests.swift; sourceTree = "<group>"; };
		55BA116A2A5F1B270033E697 /* CurrencyCalculatorUITests.xctest */ = {isa = PBXFileReference; explicitFileType = wrapper.cfbundle; includeInIndex = 0; path = CurrencyCalculatorUITests.xctest; sourceTree = BUILT_PRODUCTS_DIR; };
		55BA116E2A5F1B270033E697 /* CurrencyCalculatorUITests.swift */ = {isa = PBXFileReference; lastKnownFileType = sourcecode.swift; path = CurrencyCalculatorUITests.swift; sourceTree = "<group>"; };
		55BA11702A5F1B270033E697 /* CurrencyCalculatorUITestsLaunchTests.swift */ = {isa = PBXFileReference; lastKnownFileType = sourcecode.swift; path = CurrencyCalculatorUITestsLaunchTests.swift; sourceTree = "<group>"; };
		55BA11862A5F312A0033E697 /* UIScrollView+.swift */ = {isa = PBXFileReference; lastKnownFileType = sourcecode.swift; path = "UIScrollView+.swift"; sourceTree = "<group>"; };
		55BA11882A5F31870033E697 /* UIView+.swift */ = {isa = PBXFileReference; lastKnownFileType = sourcecode.swift; path = "UIView+.swift"; sourceTree = "<group>"; };
		55BA118A2A5F32A90033E697 /* Code+.swift */ = {isa = PBXFileReference; lastKnownFileType = sourcecode.swift; path = "Code+.swift"; sourceTree = "<group>"; };
		55BA11902A5F46180033E697 /* SymbolsResponse.swift */ = {isa = PBXFileReference; lastKnownFileType = sourcecode.swift; path = SymbolsResponse.swift; sourceTree = "<group>"; };
		55E6742C2A62695D00B8AF3D /* CurrenciesViewController.swift */ = {isa = PBXFileReference; lastKnownFileType = sourcecode.swift; path = CurrenciesViewController.swift; sourceTree = "<group>"; };
		55E6742E2A62800100B8AF3D /* Loader.swift */ = {isa = PBXFileReference; lastKnownFileType = sourcecode.swift; path = Loader.swift; sourceTree = "<group>"; };
		55E674362A62B3AB00B8AF3D /* BaloonMarker.swift */ = {isa = PBXFileReference; lastKnownFileType = sourcecode.swift; path = BaloonMarker.swift; sourceTree = "<group>"; };
		59AD0D04959BA1DF5C3C1C3D /* Pods_CurrencyCalculator.framework */ = {isa = PBXFileReference; explicitFileType = wrapper.framework; includeInIndex = 0; path = Pods_CurrencyCalculator.framework; sourceTree = BUILT_PRODUCTS_DIR; };
		7BDD55CA70FC3733A5240457 /* Pods-CurrencyCalculator-CurrencyCalculatorUITests.release.xcconfig */ = {isa = PBXFileReference; includeInIndex = 1; lastKnownFileType = text.xcconfig; name = "Pods-CurrencyCalculator-CurrencyCalculatorUITests.release.xcconfig"; path = "Target Support Files/Pods-CurrencyCalculator-CurrencyCalculatorUITests/Pods-CurrencyCalculator-CurrencyCalculatorUITests.release.xcconfig"; sourceTree = "<group>"; };
		9CD313BDFC09797F74249A7F /* Pods-CurrencyCalculatorTests.debug.xcconfig */ = {isa = PBXFileReference; includeInIndex = 1; lastKnownFileType = text.xcconfig; name = "Pods-CurrencyCalculatorTests.debug.xcconfig"; path = "Target Support Files/Pods-CurrencyCalculatorTests/Pods-CurrencyCalculatorTests.debug.xcconfig"; sourceTree = "<group>"; };
		AA9EE9476A9EDEE1F2C38DB6 /* Pods-CurrencyCalculator.release.xcconfig */ = {isa = PBXFileReference; includeInIndex = 1; lastKnownFileType = text.xcconfig; name = "Pods-CurrencyCalculator.release.xcconfig"; path = "Target Support Files/Pods-CurrencyCalculator/Pods-CurrencyCalculator.release.xcconfig"; sourceTree = "<group>"; };
		C3AF103CB9217236F250493F /* Pods-CurrencyCalculatorTests.release.xcconfig */ = {isa = PBXFileReference; includeInIndex = 1; lastKnownFileType = text.xcconfig; name = "Pods-CurrencyCalculatorTests.release.xcconfig"; path = "Target Support Files/Pods-CurrencyCalculatorTests/Pods-CurrencyCalculatorTests.release.xcconfig"; sourceTree = "<group>"; };
		C70B5E974D807A444D053008 /* Pods-CurrencyCalculator-CurrencyCalculatorUITests.debug.xcconfig */ = {isa = PBXFileReference; includeInIndex = 1; lastKnownFileType = text.xcconfig; name = "Pods-CurrencyCalculator-CurrencyCalculatorUITests.debug.xcconfig"; path = "Target Support Files/Pods-CurrencyCalculator-CurrencyCalculatorUITests/Pods-CurrencyCalculator-CurrencyCalculatorUITests.debug.xcconfig"; sourceTree = "<group>"; };
		F2403270B6263DA9C3765C07 /* Pods_CurrencyCalculator_CurrencyCalculatorUITests.framework */ = {isa = PBXFileReference; explicitFileType = wrapper.framework; includeInIndex = 0; path = Pods_CurrencyCalculator_CurrencyCalculatorUITests.framework; sourceTree = BUILT_PRODUCTS_DIR; };
/* End PBXFileReference section */

/* Begin PBXFrameworksBuildPhase section */
		55BA11472A5F1B260033E697 /* Frameworks */ = {
			isa = PBXFrameworksBuildPhase;
			buildActionMask = 2147483647;
			files = (
				554FDA412A61411A004C8B0E /* DGCharts in Frameworks */,
				55BA11822A5F1EF80033E697 /* SwiftyJSON in Frameworks */,
				55BA117F2A5F1DEA0033E697 /* Alamofire in Frameworks */,
				992ABA8414E78630646161B5 /* Pods_CurrencyCalculator.framework in Frameworks */,
			);
			runOnlyForDeploymentPostprocessing = 0;
		};
		55BA115D2A5F1B270033E697 /* Frameworks */ = {
			isa = PBXFrameworksBuildPhase;
			buildActionMask = 2147483647;
			files = (
				79EFFBA8313F937D440EF353 /* Pods_CurrencyCalculatorTests.framework in Frameworks */,
			);
			runOnlyForDeploymentPostprocessing = 0;
		};
		55BA11672A5F1B270033E697 /* Frameworks */ = {
			isa = PBXFrameworksBuildPhase;
			buildActionMask = 2147483647;
			files = (
				9C2A1F7AC112D7D0886A45A8 /* Pods_CurrencyCalculator_CurrencyCalculatorUITests.framework in Frameworks */,
			);
			runOnlyForDeploymentPostprocessing = 0;
		};
/* End PBXFrameworksBuildPhase section */

/* Begin PBXGroup section */
		55331BBE2A63CB03000A1925 /* Mocks */ = {
			isa = PBXGroup;
			children = (
				55331BC02A63CB79000A1925 /* CalculatorViewMock.swift */,
				55331BC22A63CD11000A1925 /* SymbolsLocalDatasourceMock.swift */,
				55331BC42A63CDB2000A1925 /* CalculatorRemoteDatasourceMock.swift */,
			);
			path = Mocks;
			sourceTree = "<group>";
		};
		55331BBF2A63CB4E000A1925 /* DI */ = {
			isa = PBXGroup;
			children = (
				55331BC72A63CF19000A1925 /* Dependencies.swift */,
			);
			path = DI;
			sourceTree = "<group>";
		};
		55331BC62A63CE7F000A1925 /* Stubs */ = {
			isa = PBXGroup;
			children = (
			);
			path = Stubs;
			sourceTree = "<group>";
		};
		554FDA462A614AB4004C8B0E /* Utils */ = {
			isa = PBXGroup;
			children = (
				554FDA482A614AC8004C8B0E /* RemotePath.swift */,
				554FDA592A615F18004C8B0E /* CustomError.swift */,
			);
			path = Utils;
			sourceTree = "<group>";
		};
		554FDA472A614ABC004C8B0E /* Base */ = {
			isa = PBXGroup;
			children = (
				554FDA502A61507D004C8B0E /* BaseRemoteDatasource.swift */,
			);
			path = Base;
			sourceTree = "<group>";
		};
		554FDA522A615B84004C8B0E /* Calculator */ = {
			isa = PBXGroup;
			children = (
				554FDA532A615B9D004C8B0E /* CalculatorRemoteDatasourceProtocol.swift */,
				554FDA572A615DE9004C8B0E /* CalculatorRemoteDatasource.swift */,
			);
			path = Calculator;
			sourceTree = "<group>";
		};
		554FDA612A616E16004C8B0E /* DI */ = {
			isa = PBXGroup;
			children = (
				554FDA622A616E35004C8B0E /* DependencyType.swift */,
				554FDA642A616E8F004C8B0E /* DependencyProvider.swift */,
				554FDA662A616EB2004C8B0E /* DependencyContainer.swift */,
			);
			path = DI;
			sourceTree = "<group>";
		};
		554FDA682A616FA8004C8B0E /* Features */ = {
			isa = PBXGroup;
			children = (
				554FDA692A616FAF004C8B0E /* Calculator */,
			);
			path = Features;
			sourceTree = "<group>";
		};
		554FDA692A616FAF004C8B0E /* Calculator */ = {
			isa = PBXGroup;
			children = (
				554FDA6B2A616FC1004C8B0E /* Views */,
				554FDA6A2A616FBB004C8B0E /* ViewModel */,
				554FDA6C2A616FDC004C8B0E /* CalculatorViewController.swift */,
				554FDA722A6171F1004C8B0E /* CalculatorViewProtocol.swift */,
				55E6742C2A62695D00B8AF3D /* CurrenciesViewController.swift */,
			);
			path = Calculator;
			sourceTree = "<group>";
		};
		554FDA6A2A616FBB004C8B0E /* ViewModel */ = {
			isa = PBXGroup;
			children = (
				554FDA6E2A616FFE004C8B0E /* CalculatorViewModelProtocol.swift */,
				554FDA702A61700E004C8B0E /* CalculatorViewModel.swift */,
			);
			path = ViewModel;
			sourceTree = "<group>";
		};
		554FDA6B2A616FC1004C8B0E /* Views */ = {
			isa = PBXGroup;
			children = (
				554FDA822A6199C2004C8B0E /* InputTextField.swift */,
				554FDA842A619BA6004C8B0E /* CurrencyPickerView.swift */,
			);
			path = Views;
			sourceTree = "<group>";
		};
		55BA11412A5F1B260033E697 = {
			isa = PBXGroup;
			children = (
				554FDA422A6144B6004C8B0E /* .gitignore */,
				55BA114C2A5F1B260033E697 /* CurrencyCalculator */,
				55BA11632A5F1B270033E697 /* CurrencyCalculatorTests */,
				55BA116D2A5F1B270033E697 /* CurrencyCalculatorUITests */,
				55BA114B2A5F1B260033E697 /* Products */,
				96B1E843185A07F3ABCA1E62 /* Pods */,
				C69C9C30CC9124B45C5DC703 /* Frameworks */,
			);
			sourceTree = "<group>";
		};
		55BA114B2A5F1B260033E697 /* Products */ = {
			isa = PBXGroup;
			children = (
				55BA114A2A5F1B260033E697 /* CurrencyCalculator.app */,
				55BA11602A5F1B270033E697 /* CurrencyCalculatorTests.xctest */,
				55BA116A2A5F1B270033E697 /* CurrencyCalculatorUITests.xctest */,
			);
			name = Products;
			sourceTree = "<group>";
		};
		55BA114C2A5F1B260033E697 /* CurrencyCalculator */ = {
			isa = PBXGroup;
			children = (
				55BA11832A5F30F40033E697 /* App */,
				554FDA612A616E16004C8B0E /* DI */,
				554FDA682A616FA8004C8B0E /* Features */,
				55BA118F2A5F460D0033E697 /* Models */,
				55BA118C2A5F44A20033E697 /* Datasource */,
				55BA11852A5F31140033E697 /* Utils */,
				55BA11842A5F31000033E697 /* Resources */,
				55BA11512A5F1B260033E697 /* ViewController.swift */,
			);
			path = CurrencyCalculator;
			sourceTree = "<group>";
		};
		55BA11632A5F1B270033E697 /* CurrencyCalculatorTests */ = {
			isa = PBXGroup;
			children = (
				55331BC62A63CE7F000A1925 /* Stubs */,
				55331BBF2A63CB4E000A1925 /* DI */,
				55331BBE2A63CB03000A1925 /* Mocks */,
				55BA11642A5F1B270033E697 /* CurrencyCalculatorTests.swift */,
				55331BC92A63CFA3000A1925 /* CalculatorViewModelTests.swift */,
			);
			path = CurrencyCalculatorTests;
			sourceTree = "<group>";
		};
		55BA116D2A5F1B270033E697 /* CurrencyCalculatorUITests */ = {
			isa = PBXGroup;
			children = (
				55BA116E2A5F1B270033E697 /* CurrencyCalculatorUITests.swift */,
				55BA11702A5F1B270033E697 /* CurrencyCalculatorUITestsLaunchTests.swift */,
			);
			path = CurrencyCalculatorUITests;
			sourceTree = "<group>";
		};
		55BA11832A5F30F40033E697 /* App */ = {
			isa = PBXGroup;
			children = (
				55BA114D2A5F1B260033E697 /* AppDelegate.swift */,
				55BA114F2A5F1B260033E697 /* SceneDelegate.swift */,
			);
			path = App;
			sourceTree = "<group>";
		};
		55BA11842A5F31000033E697 /* Resources */ = {
			isa = PBXGroup;
			children = (
				55BA11562A5F1B270033E697 /* Assets.xcassets */,
				55BA11582A5F1B270033E697 /* LaunchScreen.storyboard */,
				55BA115B2A5F1B270033E697 /* Info.plist */,
			);
			path = Resources;
			sourceTree = "<group>";
		};
		55BA11852A5F31140033E697 /* Utils */ = {
			isa = PBXGroup;
			children = (
				55E674352A62B39600B8AF3D /* Extensions */,
				55E674342A62B37A00B8AF3D /* Components */,
			);
			path = Utils;
			sourceTree = "<group>";
		};
		55BA118C2A5F44A20033E697 /* Datasource */ = {
			isa = PBXGroup;
			children = (
				55BA118E2A5F44AE0033E697 /* Local */,
				55BA118D2A5F44A90033E697 /* Remote */,
			);
			path = Datasource;
			sourceTree = "<group>";
		};
		55BA118D2A5F44A90033E697 /* Remote */ = {
			isa = PBXGroup;
			children = (
				554FDA522A615B84004C8B0E /* Calculator */,
				554FDA472A614ABC004C8B0E /* Base */,
				554FDA462A614AB4004C8B0E /* Utils */,
			);
			path = Remote;
			sourceTree = "<group>";
		};
		55BA118E2A5F44AE0033E697 /* Local */ = {
			isa = PBXGroup;
			children = (
				554FDA5D2A616504004C8B0E /* SymbolsLocalDatasource.swift */,
				554FDA5F2A616512004C8B0E /* SymbolsLocalDatasourceProtocol.swift */,
			);
			path = Local;
			sourceTree = "<group>";
		};
		55BA118F2A5F460D0033E697 /* Models */ = {
			isa = PBXGroup;
			children = (
				55BA11902A5F46180033E697 /* SymbolsResponse.swift */,
				554FDA552A615D3D004C8B0E /* ConversionResponse.swift */,
				554FDA5B2A6163AE004C8B0E /* DBSymbol.swift */,
			);
			path = Models;
			sourceTree = "<group>";
		};
		55E674342A62B37A00B8AF3D /* Components */ = {
			isa = PBXGroup;
			children = (
				554FDA4A2A614C60004C8B0E /* Toast.swift */,
				55E6742E2A62800100B8AF3D /* Loader.swift */,
				55E674362A62B3AB00B8AF3D /* BaloonMarker.swift */,
			);
			path = Components;
			sourceTree = "<group>";
		};
		55E674352A62B39600B8AF3D /* Extensions */ = {
			isa = PBXGroup;
			children = (
				55BA11862A5F312A0033E697 /* UIScrollView+.swift */,
				55BA11882A5F31870033E697 /* UIView+.swift */,
				55BA118A2A5F32A90033E697 /* Code+.swift */,
				554FDA442A61479E004C8B0E /* Bundle+.swift */,
				554FDA4C2A614D31004C8B0E /* UILabel+.swift */,
				554FDA4E2A614D9E004C8B0E /* UIViewController+.swift */,
				554FDA742A617D21004C8B0E /* UIImage+.swift */,
				554FDA762A617E82004C8B0E /* UIStackView+.swift */,
				554FDA782A617F65004C8B0E /* UIImageView+.swift */,
				554FDA7A2A618056004C8B0E /* UIButton+.swift */,
				554FDA7C2A61844B004C8B0E /* Codable+.swift */,
				554FDA7E2A6187D9004C8B0E /* InlineFunctions.swift */,
				554FDA802A6188F3004C8B0E /* UIColor+.swift */,
			);
			path = Extensions;
			sourceTree = "<group>";
		};
		96B1E843185A07F3ABCA1E62 /* Pods */ = {
			isa = PBXGroup;
			children = (
				08D98EA9B3D958EDE31AB508 /* Pods-CurrencyCalculator.debug.xcconfig */,
				AA9EE9476A9EDEE1F2C38DB6 /* Pods-CurrencyCalculator.release.xcconfig */,
				C70B5E974D807A444D053008 /* Pods-CurrencyCalculator-CurrencyCalculatorUITests.debug.xcconfig */,
				7BDD55CA70FC3733A5240457 /* Pods-CurrencyCalculator-CurrencyCalculatorUITests.release.xcconfig */,
				9CD313BDFC09797F74249A7F /* Pods-CurrencyCalculatorTests.debug.xcconfig */,
				C3AF103CB9217236F250493F /* Pods-CurrencyCalculatorTests.release.xcconfig */,
			);
			path = Pods;
			sourceTree = "<group>";
		};
		C69C9C30CC9124B45C5DC703 /* Frameworks */ = {
			isa = PBXGroup;
			children = (
				59AD0D04959BA1DF5C3C1C3D /* Pods_CurrencyCalculator.framework */,
				F2403270B6263DA9C3765C07 /* Pods_CurrencyCalculator_CurrencyCalculatorUITests.framework */,
				240DCB9ECE27188D9ECC20B1 /* Pods_CurrencyCalculatorTests.framework */,
			);
			name = Frameworks;
			sourceTree = "<group>";
		};
/* End PBXGroup section */

/* Begin PBXNativeTarget section */
		55BA11492A5F1B260033E697 /* CurrencyCalculator */ = {
			isa = PBXNativeTarget;
			buildConfigurationList = 55BA11742A5F1B270033E697 /* Build configuration list for PBXNativeTarget "CurrencyCalculator" */;
			buildPhases = (
				BAB63935E4965A8675A751C0 /* [CP] Check Pods Manifest.lock */,
				55BA11462A5F1B260033E697 /* Sources */,
				55BA11472A5F1B260033E697 /* Frameworks */,
				55BA11482A5F1B260033E697 /* Resources */,
				DDF31029528FACE010D48594 /* [CP] Embed Pods Frameworks */,
			);
			buildRules = (
			);
			dependencies = (
			);
			name = CurrencyCalculator;
			packageProductDependencies = (
				55BA117E2A5F1DEA0033E697 /* Alamofire */,
				55BA11812A5F1EF80033E697 /* SwiftyJSON */,
				554FDA402A61411A004C8B0E /* DGCharts */,
			);
			productName = CurrencyCalculator;
			productReference = 55BA114A2A5F1B260033E697 /* CurrencyCalculator.app */;
			productType = "com.apple.product-type.application";
		};
		55BA115F2A5F1B270033E697 /* CurrencyCalculatorTests */ = {
			isa = PBXNativeTarget;
			buildConfigurationList = 55BA11772A5F1B270033E697 /* Build configuration list for PBXNativeTarget "CurrencyCalculatorTests" */;
			buildPhases = (
				AE2FEB77D740F3D5D583F3EC /* [CP] Check Pods Manifest.lock */,
				55BA115C2A5F1B270033E697 /* Sources */,
				55BA115D2A5F1B270033E697 /* Frameworks */,
				55BA115E2A5F1B270033E697 /* Resources */,
			);
			buildRules = (
			);
			dependencies = (
				55BA11622A5F1B270033E697 /* PBXTargetDependency */,
			);
			name = CurrencyCalculatorTests;
			productName = CurrencyCalculatorTests;
			productReference = 55BA11602A5F1B270033E697 /* CurrencyCalculatorTests.xctest */;
			productType = "com.apple.product-type.bundle.unit-test";
		};
		55BA11692A5F1B270033E697 /* CurrencyCalculatorUITests */ = {
			isa = PBXNativeTarget;
			buildConfigurationList = 55BA117A2A5F1B270033E697 /* Build configuration list for PBXNativeTarget "CurrencyCalculatorUITests" */;
			buildPhases = (
				B118EA668242FC8D4ADA9AD7 /* [CP] Check Pods Manifest.lock */,
				55BA11662A5F1B270033E697 /* Sources */,
				55BA11672A5F1B270033E697 /* Frameworks */,
				55BA11682A5F1B270033E697 /* Resources */,
				3C2122DFB465BD572EC74C3B /* [CP] Embed Pods Frameworks */,
			);
			buildRules = (
			);
			dependencies = (
				55BA116C2A5F1B270033E697 /* PBXTargetDependency */,
			);
			name = CurrencyCalculatorUITests;
			productName = CurrencyCalculatorUITests;
			productReference = 55BA116A2A5F1B270033E697 /* CurrencyCalculatorUITests.xctest */;
			productType = "com.apple.product-type.bundle.ui-testing";
		};
/* End PBXNativeTarget section */

/* Begin PBXProject section */
		55BA11422A5F1B260033E697 /* Project object */ = {
			isa = PBXProject;
			attributes = {
				BuildIndependentTargetsInParallel = 1;
				LastSwiftUpdateCheck = 1420;
				LastUpgradeCheck = 1420;
				TargetAttributes = {
					55BA11492A5F1B260033E697 = {
						CreatedOnToolsVersion = 14.2;
					};
					55BA115F2A5F1B270033E697 = {
						CreatedOnToolsVersion = 14.2;
						TestTargetID = 55BA11492A5F1B260033E697;
					};
					55BA11692A5F1B270033E697 = {
						CreatedOnToolsVersion = 14.2;
						TestTargetID = 55BA11492A5F1B260033E697;
					};
				};
			};
			buildConfigurationList = 55BA11452A5F1B260033E697 /* Build configuration list for PBXProject "CurrencyCalculator" */;
			compatibilityVersion = "Xcode 14.0";
			developmentRegion = en;
			hasScannedForEncodings = 0;
			knownRegions = (
				en,
				Base,
			);
			mainGroup = 55BA11412A5F1B260033E697;
			packageReferences = (
				55BA117D2A5F1DEA0033E697 /* XCRemoteSwiftPackageReference "Alamofire" */,
				55BA11802A5F1EF80033E697 /* XCRemoteSwiftPackageReference "SwiftyJSON" */,
				554FDA3F2A61411A004C8B0E /* XCRemoteSwiftPackageReference "Charts" */,
			);
			productRefGroup = 55BA114B2A5F1B260033E697 /* Products */;
			projectDirPath = "";
			projectRoot = "";
			targets = (
				55BA11492A5F1B260033E697 /* CurrencyCalculator */,
				55BA115F2A5F1B270033E697 /* CurrencyCalculatorTests */,
				55BA11692A5F1B270033E697 /* CurrencyCalculatorUITests */,
			);
		};
/* End PBXProject section */

/* Begin PBXResourcesBuildPhase section */
		55BA11482A5F1B260033E697 /* Resources */ = {
			isa = PBXResourcesBuildPhase;
			buildActionMask = 2147483647;
			files = (
				55BA115A2A5F1B270033E697 /* LaunchScreen.storyboard in Resources */,
				554FDA432A6144B6004C8B0E /* .gitignore in Resources */,
				55BA11572A5F1B270033E697 /* Assets.xcassets in Resources */,
			);
			runOnlyForDeploymentPostprocessing = 0;
		};
		55BA115E2A5F1B270033E697 /* Resources */ = {
			isa = PBXResourcesBuildPhase;
			buildActionMask = 2147483647;
			files = (
			);
			runOnlyForDeploymentPostprocessing = 0;
		};
		55BA11682A5F1B270033E697 /* Resources */ = {
			isa = PBXResourcesBuildPhase;
			buildActionMask = 2147483647;
			files = (
			);
			runOnlyForDeploymentPostprocessing = 0;
		};
/* End PBXResourcesBuildPhase section */

/* Begin PBXShellScriptBuildPhase section */
		3C2122DFB465BD572EC74C3B /* [CP] Embed Pods Frameworks */ = {
			isa = PBXShellScriptBuildPhase;
			buildActionMask = 2147483647;
			files = (
			);
			inputFileListPaths = (
				"${PODS_ROOT}/Target Support Files/Pods-CurrencyCalculator-CurrencyCalculatorUITests/Pods-CurrencyCalculator-CurrencyCalculatorUITests-frameworks-${CONFIGURATION}-input-files.xcfilelist",
			);
			name = "[CP] Embed Pods Frameworks";
			outputFileListPaths = (
				"${PODS_ROOT}/Target Support Files/Pods-CurrencyCalculator-CurrencyCalculatorUITests/Pods-CurrencyCalculator-CurrencyCalculatorUITests-frameworks-${CONFIGURATION}-output-files.xcfilelist",
			);
			runOnlyForDeploymentPostprocessing = 0;
			shellPath = /bin/sh;
			shellScript = "\"${PODS_ROOT}/Target Support Files/Pods-CurrencyCalculator-CurrencyCalculatorUITests/Pods-CurrencyCalculator-CurrencyCalculatorUITests-frameworks.sh\"\n";
			showEnvVarsInLog = 0;
		};
		AE2FEB77D740F3D5D583F3EC /* [CP] Check Pods Manifest.lock */ = {
			isa = PBXShellScriptBuildPhase;
			buildActionMask = 2147483647;
			files = (
			);
			inputFileListPaths = (
			);
			inputPaths = (
				"${PODS_PODFILE_DIR_PATH}/Podfile.lock",
				"${PODS_ROOT}/Manifest.lock",
			);
			name = "[CP] Check Pods Manifest.lock";
			outputFileListPaths = (
			);
			outputPaths = (
				"$(DERIVED_FILE_DIR)/Pods-CurrencyCalculatorTests-checkManifestLockResult.txt",
			);
			runOnlyForDeploymentPostprocessing = 0;
			shellPath = /bin/sh;
			shellScript = "diff \"${PODS_PODFILE_DIR_PATH}/Podfile.lock\" \"${PODS_ROOT}/Manifest.lock\" > /dev/null\nif [ $? != 0 ] ; then\n    # print error to STDERR\n    echo \"error: The sandbox is not in sync with the Podfile.lock. Run 'pod install' or update your CocoaPods installation.\" >&2\n    exit 1\nfi\n# This output is used by Xcode 'outputs' to avoid re-running this script phase.\necho \"SUCCESS\" > \"${SCRIPT_OUTPUT_FILE_0}\"\n";
			showEnvVarsInLog = 0;
		};
		B118EA668242FC8D4ADA9AD7 /* [CP] Check Pods Manifest.lock */ = {
			isa = PBXShellScriptBuildPhase;
			buildActionMask = 2147483647;
			files = (
			);
			inputFileListPaths = (
			);
			inputPaths = (
				"${PODS_PODFILE_DIR_PATH}/Podfile.lock",
				"${PODS_ROOT}/Manifest.lock",
			);
			name = "[CP] Check Pods Manifest.lock";
			outputFileListPaths = (
			);
			outputPaths = (
				"$(DERIVED_FILE_DIR)/Pods-CurrencyCalculator-CurrencyCalculatorUITests-checkManifestLockResult.txt",
			);
			runOnlyForDeploymentPostprocessing = 0;
			shellPath = /bin/sh;
			shellScript = "diff \"${PODS_PODFILE_DIR_PATH}/Podfile.lock\" \"${PODS_ROOT}/Manifest.lock\" > /dev/null\nif [ $? != 0 ] ; then\n    # print error to STDERR\n    echo \"error: The sandbox is not in sync with the Podfile.lock. Run 'pod install' or update your CocoaPods installation.\" >&2\n    exit 1\nfi\n# This output is used by Xcode 'outputs' to avoid re-running this script phase.\necho \"SUCCESS\" > \"${SCRIPT_OUTPUT_FILE_0}\"\n";
			showEnvVarsInLog = 0;
		};
		BAB63935E4965A8675A751C0 /* [CP] Check Pods Manifest.lock */ = {
			isa = PBXShellScriptBuildPhase;
			buildActionMask = 2147483647;
			files = (
			);
			inputFileListPaths = (
			);
			inputPaths = (
				"${PODS_PODFILE_DIR_PATH}/Podfile.lock",
				"${PODS_ROOT}/Manifest.lock",
			);
			name = "[CP] Check Pods Manifest.lock";
			outputFileListPaths = (
			);
			outputPaths = (
				"$(DERIVED_FILE_DIR)/Pods-CurrencyCalculator-checkManifestLockResult.txt",
			);
			runOnlyForDeploymentPostprocessing = 0;
			shellPath = /bin/sh;
			shellScript = "diff \"${PODS_PODFILE_DIR_PATH}/Podfile.lock\" \"${PODS_ROOT}/Manifest.lock\" > /dev/null\nif [ $? != 0 ] ; then\n    # print error to STDERR\n    echo \"error: The sandbox is not in sync with the Podfile.lock. Run 'pod install' or update your CocoaPods installation.\" >&2\n    exit 1\nfi\n# This output is used by Xcode 'outputs' to avoid re-running this script phase.\necho \"SUCCESS\" > \"${SCRIPT_OUTPUT_FILE_0}\"\n";
			showEnvVarsInLog = 0;
		};
		DDF31029528FACE010D48594 /* [CP] Embed Pods Frameworks */ = {
			isa = PBXShellScriptBuildPhase;
			buildActionMask = 2147483647;
			files = (
			);
			inputFileListPaths = (
				"${PODS_ROOT}/Target Support Files/Pods-CurrencyCalculator/Pods-CurrencyCalculator-frameworks-${CONFIGURATION}-input-files.xcfilelist",
			);
			name = "[CP] Embed Pods Frameworks";
			outputFileListPaths = (
				"${PODS_ROOT}/Target Support Files/Pods-CurrencyCalculator/Pods-CurrencyCalculator-frameworks-${CONFIGURATION}-output-files.xcfilelist",
			);
			runOnlyForDeploymentPostprocessing = 0;
			shellPath = /bin/sh;
			shellScript = "\"${PODS_ROOT}/Target Support Files/Pods-CurrencyCalculator/Pods-CurrencyCalculator-frameworks.sh\"\n";
			showEnvVarsInLog = 0;
		};
/* End PBXShellScriptBuildPhase section */

/* Begin PBXSourcesBuildPhase section */
		55BA11462A5F1B260033E697 /* Sources */ = {
			isa = PBXSourcesBuildPhase;
			buildActionMask = 2147483647;
			files = (
				55BA11522A5F1B260033E697 /* ViewController.swift in Sources */,
				554FDA752A617D21004C8B0E /* UIImage+.swift in Sources */,
				554FDA772A617E82004C8B0E /* UIStackView+.swift in Sources */,
				554FDA7F2A6187D9004C8B0E /* InlineFunctions.swift in Sources */,
				554FDA632A616E35004C8B0E /* DependencyType.swift in Sources */,
				554FDA832A6199C2004C8B0E /* InputTextField.swift in Sources */,
				55BA11872A5F312A0033E697 /* UIScrollView+.swift in Sources */,
				554FDA5A2A615F18004C8B0E /* CustomError.swift in Sources */,
				554FDA4F2A614D9E004C8B0E /* UIViewController+.swift in Sources */,
				55BA114E2A5F1B260033E697 /* AppDelegate.swift in Sources */,
				55E6742D2A62695D00B8AF3D /* CurrenciesViewController.swift in Sources */,
				55E674372A62B3AB00B8AF3D /* BaloonMarker.swift in Sources */,
				55BA11502A5F1B260033E697 /* SceneDelegate.swift in Sources */,
				55BA118B2A5F32A90033E697 /* Code+.swift in Sources */,
				554FDA452A61479E004C8B0E /* Bundle+.swift in Sources */,
				554FDA602A616512004C8B0E /* SymbolsLocalDatasourceProtocol.swift in Sources */,
				554FDA6D2A616FDC004C8B0E /* CalculatorViewController.swift in Sources */,
				554FDA732A6171F1004C8B0E /* CalculatorViewProtocol.swift in Sources */,
				554FDA512A61507D004C8B0E /* BaseRemoteDatasource.swift in Sources */,
				554FDA582A615DE9004C8B0E /* CalculatorRemoteDatasource.swift in Sources */,
				554FDA672A616EB2004C8B0E /* DependencyContainer.swift in Sources */,
				554FDA852A619BA6004C8B0E /* CurrencyPickerView.swift in Sources */,
				554FDA492A614AC8004C8B0E /* RemotePath.swift in Sources */,
				554FDA5C2A6163AE004C8B0E /* DBSymbol.swift in Sources */,
				554FDA712A61700E004C8B0E /* CalculatorViewModel.swift in Sources */,
				554FDA4B2A614C60004C8B0E /* Toast.swift in Sources */,
				554FDA7B2A618056004C8B0E /* UIButton+.swift in Sources */,
				55E6742F2A62800100B8AF3D /* Loader.swift in Sources */,
				554FDA652A616E8F004C8B0E /* DependencyProvider.swift in Sources */,
				554FDA6F2A616FFE004C8B0E /* CalculatorViewModelProtocol.swift in Sources */,
				554FDA812A6188F3004C8B0E /* UIColor+.swift in Sources */,
				554FDA562A615D3D004C8B0E /* ConversionResponse.swift in Sources */,
				554FDA792A617F65004C8B0E /* UIImageView+.swift in Sources */,
				554FDA542A615B9D004C8B0E /* CalculatorRemoteDatasourceProtocol.swift in Sources */,
				554FDA4D2A614D31004C8B0E /* UILabel+.swift in Sources */,
				55BA11892A5F31870033E697 /* UIView+.swift in Sources */,
				554FDA5E2A616504004C8B0E /* SymbolsLocalDatasource.swift in Sources */,
				554FDA7D2A61844B004C8B0E /* Codable+.swift in Sources */,
				55BA11912A5F46180033E697 /* SymbolsResponse.swift in Sources */,
			);
			runOnlyForDeploymentPostprocessing = 0;
		};
		55BA115C2A5F1B270033E697 /* Sources */ = {
			isa = PBXSourcesBuildPhase;
			buildActionMask = 2147483647;
			files = (
				55331BC32A63CD11000A1925 /* SymbolsLocalDatasourceMock.swift in Sources */,
				55331BC12A63CB79000A1925 /* CalculatorViewMock.swift in Sources */,
				55331BCA2A63CFA3000A1925 /* CalculatorViewModelTests.swift in Sources */,
				55331BC52A63CDB2000A1925 /* CalculatorRemoteDatasourceMock.swift in Sources */,
				55331BC82A63CF19000A1925 /* Dependencies.swift in Sources */,
				55BA11652A5F1B270033E697 /* CurrencyCalculatorTests.swift in Sources */,
			);
			runOnlyForDeploymentPostprocessing = 0;
		};
		55BA11662A5F1B270033E697 /* Sources */ = {
			isa = PBXSourcesBuildPhase;
			buildActionMask = 2147483647;
			files = (
				55BA116F2A5F1B270033E697 /* CurrencyCalculatorUITests.swift in Sources */,
				55BA11712A5F1B270033E697 /* CurrencyCalculatorUITestsLaunchTests.swift in Sources */,
			);
			runOnlyForDeploymentPostprocessing = 0;
		};
/* End PBXSourcesBuildPhase section */

/* Begin PBXTargetDependency section */
		55BA11622A5F1B270033E697 /* PBXTargetDependency */ = {
			isa = PBXTargetDependency;
			target = 55BA11492A5F1B260033E697 /* CurrencyCalculator */;
			targetProxy = 55BA11612A5F1B270033E697 /* PBXContainerItemProxy */;
		};
		55BA116C2A5F1B270033E697 /* PBXTargetDependency */ = {
			isa = PBXTargetDependency;
			target = 55BA11492A5F1B260033E697 /* CurrencyCalculator */;
			targetProxy = 55BA116B2A5F1B270033E697 /* PBXContainerItemProxy */;
		};
/* End PBXTargetDependency section */

/* Begin PBXVariantGroup section */
		55BA11582A5F1B270033E697 /* LaunchScreen.storyboard */ = {
			isa = PBXVariantGroup;
			children = (
				55BA11592A5F1B270033E697 /* Base */,
			);
			name = LaunchScreen.storyboard;
			sourceTree = "<group>";
		};
/* End PBXVariantGroup section */

/* Begin XCBuildConfiguration section */
		55BA11722A5F1B270033E697 /* Debug */ = {
			isa = XCBuildConfiguration;
			buildSettings = {
				ALWAYS_SEARCH_USER_PATHS = NO;
				CLANG_ANALYZER_NONNULL = YES;
				CLANG_ANALYZER_NUMBER_OBJECT_CONVERSION = YES_AGGRESSIVE;
				CLANG_CXX_LANGUAGE_STANDARD = "gnu++20";
				CLANG_ENABLE_MODULES = YES;
				CLANG_ENABLE_OBJC_ARC = YES;
				CLANG_ENABLE_OBJC_WEAK = YES;
				CLANG_WARN_BLOCK_CAPTURE_AUTORELEASING = YES;
				CLANG_WARN_BOOL_CONVERSION = YES;
				CLANG_WARN_COMMA = YES;
				CLANG_WARN_CONSTANT_CONVERSION = YES;
				CLANG_WARN_DEPRECATED_OBJC_IMPLEMENTATIONS = YES;
				CLANG_WARN_DIRECT_OBJC_ISA_USAGE = YES_ERROR;
				CLANG_WARN_DOCUMENTATION_COMMENTS = YES;
				CLANG_WARN_EMPTY_BODY = YES;
				CLANG_WARN_ENUM_CONVERSION = YES;
				CLANG_WARN_INFINITE_RECURSION = YES;
				CLANG_WARN_INT_CONVERSION = YES;
				CLANG_WARN_NON_LITERAL_NULL_CONVERSION = YES;
				CLANG_WARN_OBJC_IMPLICIT_RETAIN_SELF = YES;
				CLANG_WARN_OBJC_LITERAL_CONVERSION = YES;
				CLANG_WARN_OBJC_ROOT_CLASS = YES_ERROR;
				CLANG_WARN_QUOTED_INCLUDE_IN_FRAMEWORK_HEADER = YES;
				CLANG_WARN_RANGE_LOOP_ANALYSIS = YES;
				CLANG_WARN_STRICT_PROTOTYPES = YES;
				CLANG_WARN_SUSPICIOUS_MOVE = YES;
				CLANG_WARN_UNGUARDED_AVAILABILITY = YES_AGGRESSIVE;
				CLANG_WARN_UNREACHABLE_CODE = YES;
				CLANG_WARN__DUPLICATE_METHOD_MATCH = YES;
				COPY_PHASE_STRIP = NO;
				DEBUG_INFORMATION_FORMAT = dwarf;
				ENABLE_STRICT_OBJC_MSGSEND = YES;
				ENABLE_TESTABILITY = YES;
				GCC_C_LANGUAGE_STANDARD = gnu11;
				GCC_DYNAMIC_NO_PIC = NO;
				GCC_NO_COMMON_BLOCKS = YES;
				GCC_OPTIMIZATION_LEVEL = 0;
				GCC_PREPROCESSOR_DEFINITIONS = (
					"DEBUG=1",
					"$(inherited)",
				);
				GCC_WARN_64_TO_32_BIT_CONVERSION = YES;
				GCC_WARN_ABOUT_RETURN_TYPE = YES_ERROR;
				GCC_WARN_UNDECLARED_SELECTOR = YES;
				GCC_WARN_UNINITIALIZED_AUTOS = YES_AGGRESSIVE;
				GCC_WARN_UNUSED_FUNCTION = YES;
				GCC_WARN_UNUSED_VARIABLE = YES;
				IPHONEOS_DEPLOYMENT_TARGET = 13.0;
				MTL_ENABLE_DEBUG_INFO = INCLUDE_SOURCE;
				MTL_FAST_MATH = YES;
				ONLY_ACTIVE_ARCH = YES;
				SDKROOT = iphoneos;
				SWIFT_ACTIVE_COMPILATION_CONDITIONS = DEBUG;
				SWIFT_OPTIMIZATION_LEVEL = "-Onone";
				SWIFT_VERSION = 5.0;
			};
			name = Debug;
		};
		55BA11732A5F1B270033E697 /* Release */ = {
			isa = XCBuildConfiguration;
			buildSettings = {
				ALWAYS_SEARCH_USER_PATHS = NO;
				CLANG_ANALYZER_NONNULL = YES;
				CLANG_ANALYZER_NUMBER_OBJECT_CONVERSION = YES_AGGRESSIVE;
				CLANG_CXX_LANGUAGE_STANDARD = "gnu++20";
				CLANG_ENABLE_MODULES = YES;
				CLANG_ENABLE_OBJC_ARC = YES;
				CLANG_ENABLE_OBJC_WEAK = YES;
				CLANG_WARN_BLOCK_CAPTURE_AUTORELEASING = YES;
				CLANG_WARN_BOOL_CONVERSION = YES;
				CLANG_WARN_COMMA = YES;
				CLANG_WARN_CONSTANT_CONVERSION = YES;
				CLANG_WARN_DEPRECATED_OBJC_IMPLEMENTATIONS = YES;
				CLANG_WARN_DIRECT_OBJC_ISA_USAGE = YES_ERROR;
				CLANG_WARN_DOCUMENTATION_COMMENTS = YES;
				CLANG_WARN_EMPTY_BODY = YES;
				CLANG_WARN_ENUM_CONVERSION = YES;
				CLANG_WARN_INFINITE_RECURSION = YES;
				CLANG_WARN_INT_CONVERSION = YES;
				CLANG_WARN_NON_LITERAL_NULL_CONVERSION = YES;
				CLANG_WARN_OBJC_IMPLICIT_RETAIN_SELF = YES;
				CLANG_WARN_OBJC_LITERAL_CONVERSION = YES;
				CLANG_WARN_OBJC_ROOT_CLASS = YES_ERROR;
				CLANG_WARN_QUOTED_INCLUDE_IN_FRAMEWORK_HEADER = YES;
				CLANG_WARN_RANGE_LOOP_ANALYSIS = YES;
				CLANG_WARN_STRICT_PROTOTYPES = YES;
				CLANG_WARN_SUSPICIOUS_MOVE = YES;
				CLANG_WARN_UNGUARDED_AVAILABILITY = YES_AGGRESSIVE;
				CLANG_WARN_UNREACHABLE_CODE = YES;
				CLANG_WARN__DUPLICATE_METHOD_MATCH = YES;
				COPY_PHASE_STRIP = NO;
				DEBUG_INFORMATION_FORMAT = "dwarf-with-dsym";
				ENABLE_NS_ASSERTIONS = NO;
				ENABLE_STRICT_OBJC_MSGSEND = YES;
				GCC_C_LANGUAGE_STANDARD = gnu11;
				GCC_NO_COMMON_BLOCKS = YES;
				GCC_WARN_64_TO_32_BIT_CONVERSION = YES;
				GCC_WARN_ABOUT_RETURN_TYPE = YES_ERROR;
				GCC_WARN_UNDECLARED_SELECTOR = YES;
				GCC_WARN_UNINITIALIZED_AUTOS = YES_AGGRESSIVE;
				GCC_WARN_UNUSED_FUNCTION = YES;
				GCC_WARN_UNUSED_VARIABLE = YES;
				IPHONEOS_DEPLOYMENT_TARGET = 13.0;
				MTL_ENABLE_DEBUG_INFO = NO;
				MTL_FAST_MATH = YES;
				SDKROOT = iphoneos;
				SWIFT_COMPILATION_MODE = wholemodule;
				SWIFT_OPTIMIZATION_LEVEL = "-O";
				SWIFT_VERSION = 5.0;
				VALIDATE_PRODUCT = YES;
			};
			name = Release;
		};
		55BA11752A5F1B270033E697 /* Debug */ = {
			isa = XCBuildConfiguration;
			baseConfigurationReference = 08D98EA9B3D958EDE31AB508 /* Pods-CurrencyCalculator.debug.xcconfig */;
			buildSettings = {
				ACCESS_KEY = 88db24dc2051d4a633038e42f0439873;
				ASSETCATALOG_COMPILER_APPICON_NAME = AppIcon;
				ASSETCATALOG_COMPILER_GLOBAL_ACCENT_COLOR_NAME = AccentColor;
				BASE_URL = "http://data.fixer.io/api/";
				CODE_SIGN_STYLE = Automatic;
				CURRENT_PROJECT_VERSION = 1;
				DEVELOPMENT_TEAM = 3W6S8FM5ZF;
				GENERATE_INFOPLIST_FILE = YES;
				INFOPLIST_FILE = CurrencyCalculator/Resources/Info.plist;
				INFOPLIST_KEY_CFBundleDisplayName = Currency;
				INFOPLIST_KEY_UIApplicationSupportsIndirectInputEvents = YES;
				INFOPLIST_KEY_UILaunchStoryboardName = LaunchScreen.storyboard;
				INFOPLIST_KEY_UIMainStoryboardFile = "";
				INFOPLIST_KEY_UISupportedInterfaceOrientations_iPad = "UIInterfaceOrientationPortrait UIInterfaceOrientationPortraitUpsideDown UIInterfaceOrientationLandscapeLeft UIInterfaceOrientationLandscapeRight";
				INFOPLIST_KEY_UISupportedInterfaceOrientations_iPhone = "UIInterfaceOrientationPortrait UIInterfaceOrientationLandscapeLeft UIInterfaceOrientationLandscapeRight";
				IPHONEOS_DEPLOYMENT_TARGET = 13.0;
				LD_RUNPATH_SEARCH_PATHS = (
					"$(inherited)",
					"@executable_path/Frameworks",
				);
				MARKETING_VERSION = 1.0;
				PRODUCT_BUNDLE_IDENTIFIER = com.iniongungroup.mobile.ios.CurrencyCalculator;
				PRODUCT_NAME = "$(TARGET_NAME)";
				SWIFT_EMIT_LOC_STRINGS = YES;
				SWIFT_VERSION = 5.0;
				TARGETED_DEVICE_FAMILY = "1,2";
			};
			name = Debug;
		};
		55BA11762A5F1B270033E697 /* Release */ = {
			isa = XCBuildConfiguration;
			baseConfigurationReference = AA9EE9476A9EDEE1F2C38DB6 /* Pods-CurrencyCalculator.release.xcconfig */;
			buildSettings = {
				ACCESS_KEY = 88db24dc2051d4a633038e42f0439873;
				ASSETCATALOG_COMPILER_APPICON_NAME = AppIcon;
				ASSETCATALOG_COMPILER_GLOBAL_ACCENT_COLOR_NAME = AccentColor;
				BASE_URL = "http://data.fixer.io/api/";
				CODE_SIGN_STYLE = Automatic;
				CURRENT_PROJECT_VERSION = 1;
				DEVELOPMENT_TEAM = 3W6S8FM5ZF;
				GENERATE_INFOPLIST_FILE = YES;
				INFOPLIST_FILE = CurrencyCalculator/Resources/Info.plist;
				INFOPLIST_KEY_CFBundleDisplayName = Currency;
				INFOPLIST_KEY_UIApplicationSupportsIndirectInputEvents = YES;
				INFOPLIST_KEY_UILaunchStoryboardName = LaunchScreen.storyboard;
				INFOPLIST_KEY_UIMainStoryboardFile = "";
				INFOPLIST_KEY_UISupportedInterfaceOrientations_iPad = "UIInterfaceOrientationPortrait UIInterfaceOrientationPortraitUpsideDown UIInterfaceOrientationLandscapeLeft UIInterfaceOrientationLandscapeRight";
				INFOPLIST_KEY_UISupportedInterfaceOrientations_iPhone = "UIInterfaceOrientationPortrait UIInterfaceOrientationLandscapeLeft UIInterfaceOrientationLandscapeRight";
				IPHONEOS_DEPLOYMENT_TARGET = 13.0;
				LD_RUNPATH_SEARCH_PATHS = (
					"$(inherited)",
					"@executable_path/Frameworks",
				);
				MARKETING_VERSION = 1.0;
				PRODUCT_BUNDLE_IDENTIFIER = com.iniongungroup.mobile.ios.CurrencyCalculator;
				PRODUCT_NAME = "$(TARGET_NAME)";
				SWIFT_EMIT_LOC_STRINGS = YES;
				SWIFT_VERSION = 5.0;
				TARGETED_DEVICE_FAMILY = "1,2";
			};
			name = Release;
		};
		55BA11782A5F1B270033E697 /* Debug */ = {
			isa = XCBuildConfiguration;
			baseConfigurationReference = 9CD313BDFC09797F74249A7F /* Pods-CurrencyCalculatorTests.debug.xcconfig */;
			buildSettings = {
				ALWAYS_EMBED_SWIFT_STANDARD_LIBRARIES = YES;
				BUNDLE_LOADER = "$(TEST_HOST)";
				CODE_SIGN_STYLE = Automatic;
				CURRENT_PROJECT_VERSION = 1;
				DEVELOPMENT_TEAM = 3W6S8FM5ZF;
				GENERATE_INFOPLIST_FILE = YES;
				IPHONEOS_DEPLOYMENT_TARGET = 16.2;
				MARKETING_VERSION = 1.0;
				PRODUCT_BUNDLE_IDENTIFIER = com.iniongungroup.mobile.ios.CurrencyCalculatorTests;
				PRODUCT_NAME = "$(TARGET_NAME)";
				SWIFT_EMIT_LOC_STRINGS = NO;
				SWIFT_VERSION = 5.0;
				TARGETED_DEVICE_FAMILY = "1,2";
				TEST_HOST = "$(BUILT_PRODUCTS_DIR)/CurrencyCalculator.app/$(BUNDLE_EXECUTABLE_FOLDER_PATH)/CurrencyCalculator";
			};
			name = Debug;
		};
		55BA11792A5F1B270033E697 /* Release */ = {
			isa = XCBuildConfiguration;
			baseConfigurationReference = C3AF103CB9217236F250493F /* Pods-CurrencyCalculatorTests.release.xcconfig */;
			buildSettings = {
				ALWAYS_EMBED_SWIFT_STANDARD_LIBRARIES = YES;
				BUNDLE_LOADER = "$(TEST_HOST)";
				CODE_SIGN_STYLE = Automatic;
				CURRENT_PROJECT_VERSION = 1;
				DEVELOPMENT_TEAM = 3W6S8FM5ZF;
				GENERATE_INFOPLIST_FILE = YES;
				IPHONEOS_DEPLOYMENT_TARGET = 16.2;
				MARKETING_VERSION = 1.0;
				PRODUCT_BUNDLE_IDENTIFIER = com.iniongungroup.mobile.ios.CurrencyCalculatorTests;
				PRODUCT_NAME = "$(TARGET_NAME)";
				SWIFT_EMIT_LOC_STRINGS = NO;
				SWIFT_VERSION = 5.0;
				TARGETED_DEVICE_FAMILY = "1,2";
				TEST_HOST = "$(BUILT_PRODUCTS_DIR)/CurrencyCalculator.app/$(BUNDLE_EXECUTABLE_FOLDER_PATH)/CurrencyCalculator";
			};
			name = Release;
		};
		55BA117B2A5F1B270033E697 /* Debug */ = {
			isa = XCBuildConfiguration;
			baseConfigurationReference = C70B5E974D807A444D053008 /* Pods-CurrencyCalculator-CurrencyCalculatorUITests.debug.xcconfig */;
			buildSettings = {
				ALWAYS_EMBED_SWIFT_STANDARD_LIBRARIES = YES;
				CODE_SIGN_STYLE = Automatic;
				CURRENT_PROJECT_VERSION = 1;
				DEVELOPMENT_TEAM = 3W6S8FM5ZF;
				GENERATE_INFOPLIST_FILE = YES;
				MARKETING_VERSION = 1.0;
				PRODUCT_BUNDLE_IDENTIFIER = com.iniongungroup.mobile.ios.CurrencyCalculatorUITests;
				PRODUCT_NAME = "$(TARGET_NAME)";
				SWIFT_EMIT_LOC_STRINGS = NO;
				SWIFT_VERSION = 5.0;
				TARGETED_DEVICE_FAMILY = "1,2";
				TEST_TARGET_NAME = CurrencyCalculator;
			};
			name = Debug;
		};
		55BA117C2A5F1B270033E697 /* Release */ = {
			isa = XCBuildConfiguration;
			baseConfigurationReference = 7BDD55CA70FC3733A5240457 /* Pods-CurrencyCalculator-CurrencyCalculatorUITests.release.xcconfig */;
			buildSettings = {
				ALWAYS_EMBED_SWIFT_STANDARD_LIBRARIES = YES;
				CODE_SIGN_STYLE = Automatic;
				CURRENT_PROJECT_VERSION = 1;
				DEVELOPMENT_TEAM = 3W6S8FM5ZF;
				GENERATE_INFOPLIST_FILE = YES;
				MARKETING_VERSION = 1.0;
				PRODUCT_BUNDLE_IDENTIFIER = com.iniongungroup.mobile.ios.CurrencyCalculatorUITests;
				PRODUCT_NAME = "$(TARGET_NAME)";
				SWIFT_EMIT_LOC_STRINGS = NO;
				SWIFT_VERSION = 5.0;
				TARGETED_DEVICE_FAMILY = "1,2";
				TEST_TARGET_NAME = CurrencyCalculator;
			};
			name = Release;
		};
/* End XCBuildConfiguration section */

/* Begin XCConfigurationList section */
		55BA11452A5F1B260033E697 /* Build configuration list for PBXProject "CurrencyCalculator" */ = {
			isa = XCConfigurationList;
			buildConfigurations = (
				55BA11722A5F1B270033E697 /* Debug */,
				55BA11732A5F1B270033E697 /* Release */,
			);
			defaultConfigurationIsVisible = 0;
			defaultConfigurationName = Release;
		};
		55BA11742A5F1B270033E697 /* Build configuration list for PBXNativeTarget "CurrencyCalculator" */ = {
			isa = XCConfigurationList;
			buildConfigurations = (
				55BA11752A5F1B270033E697 /* Debug */,
				55BA11762A5F1B270033E697 /* Release */,
			);
			defaultConfigurationIsVisible = 0;
			defaultConfigurationName = Release;
		};
		55BA11772A5F1B270033E697 /* Build configuration list for PBXNativeTarget "CurrencyCalculatorTests" */ = {
			isa = XCConfigurationList;
			buildConfigurations = (
				55BA11782A5F1B270033E697 /* Debug */,
				55BA11792A5F1B270033E697 /* Release */,
			);
			defaultConfigurationIsVisible = 0;
			defaultConfigurationName = Release;
		};
		55BA117A2A5F1B270033E697 /* Build configuration list for PBXNativeTarget "CurrencyCalculatorUITests" */ = {
			isa = XCConfigurationList;
			buildConfigurations = (
				55BA117B2A5F1B270033E697 /* Debug */,
				55BA117C2A5F1B270033E697 /* Release */,
			);
			defaultConfigurationIsVisible = 0;
			defaultConfigurationName = Release;
		};
/* End XCConfigurationList section */

/* Begin XCRemoteSwiftPackageReference section */
		554FDA3F2A61411A004C8B0E /* XCRemoteSwiftPackageReference "Charts" */ = {
			isa = XCRemoteSwiftPackageReference;
			repositoryURL = "https://github.com/danielgindi/Charts.git";
			requirement = {
				kind = upToNextMajorVersion;
				minimumVersion = 5.0.0;
			};
		};
		55BA117D2A5F1DEA0033E697 /* XCRemoteSwiftPackageReference "Alamofire" */ = {
			isa = XCRemoteSwiftPackageReference;
			repositoryURL = "https://github.com/Alamofire/Alamofire.git";
			requirement = {
				kind = upToNextMajorVersion;
				minimumVersion = 5.0.0;
			};
		};
		55BA11802A5F1EF80033E697 /* XCRemoteSwiftPackageReference "SwiftyJSON" */ = {
			isa = XCRemoteSwiftPackageReference;
			repositoryURL = "https://github.com/SwiftyJSON/SwiftyJSON.git";
			requirement = {
				kind = upToNextMajorVersion;
				minimumVersion = 5.0.0;
			};
		};
/* End XCRemoteSwiftPackageReference section */

/* Begin XCSwiftPackageProductDependency section */
		554FDA402A61411A004C8B0E /* DGCharts */ = {
			isa = XCSwiftPackageProductDependency;
			package = 554FDA3F2A61411A004C8B0E /* XCRemoteSwiftPackageReference "Charts" */;
			productName = DGCharts;
		};
		55BA117E2A5F1DEA0033E697 /* Alamofire */ = {
			isa = XCSwiftPackageProductDependency;
			package = 55BA117D2A5F1DEA0033E697 /* XCRemoteSwiftPackageReference "Alamofire" */;
			productName = Alamofire;
		};
		55BA11812A5F1EF80033E697 /* SwiftyJSON */ = {
			isa = XCSwiftPackageProductDependency;
			package = 55BA11802A5F1EF80033E697 /* XCRemoteSwiftPackageReference "SwiftyJSON" */;
			productName = SwiftyJSON;
		};
/* End XCSwiftPackageProductDependency section */
	};
	rootObject = 55BA11422A5F1B260033E697 /* Project object */;
}
